
Microsoft Visual Studio Solution File, Format Version 12.00
# Visual Studio Version 16
VisualStudioVersion = 16.0.33328.57
MinimumVisualStudioVersion = 10.0.40219.1
Project("{FAE04EC0-301F-11D3-BF4B-00C04F79EFBC}") = "Blog_Seyahat", "Blog_Seyahat\Blog_Seyahat.csproj", "{7A989EF9-1BF5-426D-A634-7946B045B053}"
EndProject
Global
	GlobalSection(SolutionConfigurationPlatforms) = preSolution
		Debug|Any CPU = Debug|Any CPU
		Release|Any CPU = Release|Any CPU
	EndGlobalSection
	GlobalSection(ProjectConfigurationPlatforms) = postSolution
		{7A989EF9-1BF5-426D-A634-7946B045B053}.Debug|Any CPU.ActiveCfg = Debug|Any CPU
		{7A989EF9-1BF5-426D-A634-7946B045B053}.Debug|Any CPU.Build.0 = Debug|Any CPU
		{7A989EF9-1BF5-426D-A634-7946B045B053}.Release|Any CPU.ActiveCfg = Release|Any CPU
		{7A989EF9-1BF5-426D-A634-7946B045B053}.Release|Any CPU.Build.0 = Release|Any CPU
	EndGlobalSection
	GlobalSection(SolutionProperties) = preSolution
		HideSolutionNode = FALSE
	EndGlobalSection
	GlobalSection(ExtensibilityGlobals) = postSolution
		SolutionGuid = {631F7B78-919B-4FD2-A9F9-49F3A4C8F17F}
	EndGlobalSection
EndGlobal
